
Microsoft Visual Studio Solution File, Format Version 12.00
# Visual Studio Version 17
VisualStudioVersion = 17.13.35806.99 d17.13
MinimumVisualStudioVersion = 10.0.40219.1
Project("{FAE04EC0-301F-11D3-BF4B-00C04F79EFBC}") = "API_Login", "API_Login.csproj", "{48E73BC0-DCFE-4D82-920F-D6F23B5960EC}"
EndProject
Global
	GlobalSection(SolutionConfigurationPlatforms) = preSolution
		Debug|Any CPU = Debug|Any CPU
		Release|Any CPU = Release|Any CPU
	EndGlobalSection
	GlobalSection(ProjectConfigurationPlatforms) = postSolution
		{48E73BC0-DCFE-4D82-920F-D6F23B5960EC}.Debug|Any CPU.ActiveCfg = Debug|Any CPU
		{48E73BC0-DCFE-4D82-920F-D6F23B5960EC}.Debug|Any CPU.Build.0 = Debug|Any CPU
		{48E73BC0-DCFE-4D82-920F-D6F23B5960EC}.Release|Any CPU.ActiveCfg = Release|Any CPU
		{48E73BC0-DCFE-4D82-920F-D6F23B5960EC}.Release|Any CPU.Build.0 = Release|Any CPU
	EndGlobalSection
	GlobalSection(SolutionProperties) = preSolution
		HideSolutionNode = FALSE
	EndGlobalSection
	GlobalSection(ExtensibilityGlobals) = postSolution
		SolutionGuid = {7D051B0E-1DF6-481E-AD6A-C32DEC964621}
	EndGlobalSection
EndGlobal
