
Microsoft Visual Studio Solution File, Format Version 12.00
# Visual Studio Version 17
VisualStudioVersion = 17.13.35931.197 d17.13
MinimumVisualStudioVersion = 10.0.40219.1
Project("{FAE04EC0-301F-11D3-BF4B-00C04F79EFBC}") = "LinkService", "LinkService.csproj", "{EC3EDE7A-7BB6-47D6-826F-6D3E5D20BDDB}"
EndProject
Project("{FAE04EC0-301F-11D3-BF4B-00C04F79EFBC}") = "Gateway", "..\Gateway\Gateway.csproj", "{BBB3BD53-16C5-42F1-8AA3-666F2847FDB6}"
EndProject
Global
	GlobalSection(SolutionConfigurationPlatforms) = preSolution
		Debug|Any CPU = Debug|Any CPU
		Release|Any CPU = Release|Any CPU
	EndGlobalSection
	GlobalSection(ProjectConfigurationPlatforms) = postSolution
		{EC3EDE7A-7BB6-47D6-826F-6D3E5D20BDDB}.Debug|Any CPU.ActiveCfg = Debug|Any CPU
		{EC3EDE7A-7BB6-47D6-826F-6D3E5D20BDDB}.Debug|Any CPU.Build.0 = Debug|Any CPU
		{EC3EDE7A-7BB6-47D6-826F-6D3E5D20BDDB}.Release|Any CPU.ActiveCfg = Release|Any CPU
		{EC3EDE7A-7BB6-47D6-826F-6D3E5D20BDDB}.Release|Any CPU.Build.0 = Release|Any CPU
		{BBB3BD53-16C5-42F1-8AA3-666F2847FDB6}.Debug|Any CPU.ActiveCfg = Debug|Any CPU
		{BBB3BD53-16C5-42F1-8AA3-666F2847FDB6}.Debug|Any CPU.Build.0 = Debug|Any CPU
		{BBB3BD53-16C5-42F1-8AA3-666F2847FDB6}.Release|Any CPU.ActiveCfg = Release|Any CPU
		{BBB3BD53-16C5-42F1-8AA3-666F2847FDB6}.Release|Any CPU.Build.0 = Release|Any CPU
	EndGlobalSection
	GlobalSection(SolutionProperties) = preSolution
		HideSolutionNode = FALSE
	EndGlobalSection
	GlobalSection(ExtensibilityGlobals) = postSolution
		SolutionGuid = {27F8642E-8BA7-449A-BAF6-14076A6F04A8}
	EndGlobalSection
EndGlobal
